
Microsoft Visual Studio Solution File, Format Version 12.00
# 
Project("{2150E333-8FDC-42A3-9474-1A3956D46DE8}") = "External Items", "External Items", "{5B2C04DA-3CA7-46F0-83CD-521BCBB72B79}"
	ProjectSection(SolutionItems) = preProject
		README.md = README.md
		LICENSE = LICENSE
		.gitignore = .gitignore
		CLAUDE.md = CLAUDE.md
	EndProjectSection
EndProject
Project("{FAE04EC0-301F-11D3-BF4B-00C04F79EFBC}") = "Cs7z.Archiving.Core", "Cs7z.Archiving.Core\Cs7z.Archiving.Core.csproj", "{EF082524-7D1A-4CF8-9B38-8AE77D5F8D2A}"
EndProject
Project("{FAE04EC0-301F-11D3-BF4B-00C04F79EFBC}") = "Cs7z.Archiving.Console", "Cs7z.Archiving.Console\Cs7z.Archiving.Console.csproj", "{3ED0616D-E29B-42AE-8BD6-862BA6506921}"
EndProject
Project("{FAE04EC0-301F-11D3-BF4B-00C04F79EFBC}") = "Cs7z.Archiving.Service.MacOsx", "Cs7z.Archiving.Service.MacOsx\Cs7z.Archiving.Service.MacOsx.csproj", "{30663840-D20F-4B9A-B4A8-27F55C39BFDB}"
EndProject
Project("{FAE04EC0-301F-11D3-BF4B-00C04F79EFBC}") = "Cs7z.Archiving.Service.Linux", "Cs7z.Archiving.Service.Linux\Cs7z.Archiving.Service.Linux.csproj", "{F48B3E99-685D-4B3F-B759-EA5633FC990B}"
EndProject
Project("{FAE04EC0-301F-11D3-BF4B-00C04F79EFBC}") = "Cs7z.Archiving.Service.Windows", "Cs7z.Archiving.Service.Windows\Cs7z.Archiving.Service.Windows.csproj", "{1CD049DC-84B7-43BF-9932-14EAE9EED04D}"
EndProject
Project("{2150E333-8FDC-42A3-9474-1A3956D46DE8}") = "Tests", "Tests", "{055F2653-2554-4DFE-809B-76B55DF53529}"
EndProject
Project("{FAE04EC0-301F-11D3-BF4B-00C04F79EFBC}") = "Cs7z.Archiving.Service.IntegrationTests", "Cs7z.Archiving.Service.IntegrationTests\Cs7z.Archiving.Service.IntegrationTests.csproj", "{58FFEA39-7A5D-4826-B474-07A8099DAAEB}"
EndProject
Project("{FAE04EC0-301F-11D3-BF4B-00C04F79EFBC}") = "Cs7z.Archiving.Service.OmniPlatform", "Cs7z.Archiving.Service.OmniPlatform\Cs7z.Archiving.Service.OmniPlatform.csproj", "{B19AF0C8-0AAB-4EF4-89A0-46EFB37960D5}"
EndProject
Project("{FAE04EC0-301F-11D3-BF4B-00C04F79EFBC}") = "Cs7z.Archiving.Core.Tests", "Tests\Cs7z.Archiving.Core.Tests\Cs7z.Archiving.Core.Tests.csproj", "{5704C8B4-5127-4957-AA11-4AD495A793DF}"
EndProject
Project("{FAE04EC0-301F-11D3-BF4B-00C04F79EFBC}") = "Cs7z.Archiving.Benchmarks", "Tests\Cs7z.Archiving.Benchmarks\Cs7z.Archiving.Benchmarks.csproj", "{7DCAC7A8-610E-4623-B4AA-4F8499AA79F6}"
EndProject
Project("{FAE04EC0-301F-11D3-BF4B-00C04F79EFBC}") = "Cs7z.Archiving.PerformanceConsole", "Tests\Cs7z.Archiving.PerformanceConsole\Cs7z.Archiving.PerformanceConsole.csproj", "{81E735D5-3641-4A4D-8BDB-8024E70D1A8F}"
EndProject
Global
	GlobalSection(SolutionConfigurationPlatforms) = preSolution
		Debug|Any CPU = Debug|Any CPU
		Release|Any CPU = Release|Any CPU
	EndGlobalSection
	GlobalSection(ProjectConfigurationPlatforms) = postSolution
		{EF082524-7D1A-4CF8-9B38-8AE77D5F8D2A}.Debug|Any CPU.ActiveCfg = Debug|Any CPU
		{EF082524-7D1A-4CF8-9B38-8AE77D5F8D2A}.Debug|Any CPU.Build.0 = Debug|Any CPU
		{EF082524-7D1A-4CF8-9B38-8AE77D5F8D2A}.Release|Any CPU.ActiveCfg = Release|Any CPU
		{EF082524-7D1A-4CF8-9B38-8AE77D5F8D2A}.Release|Any CPU.Build.0 = Release|Any CPU
		{3ED0616D-E29B-42AE-8BD6-862BA6506921}.Debug|Any CPU.ActiveCfg = Debug|Any CPU
		{3ED0616D-E29B-42AE-8BD6-862BA6506921}.Debug|Any CPU.Build.0 = Debug|Any CPU
		{3ED0616D-E29B-42AE-8BD6-862BA6506921}.Release|Any CPU.ActiveCfg = Release|Any CPU
		{3ED0616D-E29B-42AE-8BD6-862BA6506921}.Release|Any CPU.Build.0 = Release|Any CPU
		{30663840-D20F-4B9A-B4A8-27F55C39BFDB}.Debug|Any CPU.ActiveCfg = Debug|Any CPU
		{30663840-D20F-4B9A-B4A8-27F55C39BFDB}.Debug|Any CPU.Build.0 = Debug|Any CPU
		{30663840-D20F-4B9A-B4A8-27F55C39BFDB}.Release|Any CPU.ActiveCfg = Release|Any CPU
		{30663840-D20F-4B9A-B4A8-27F55C39BFDB}.Release|Any CPU.Build.0 = Release|Any CPU
		{F48B3E99-685D-4B3F-B759-EA5633FC990B}.Debug|Any CPU.ActiveCfg = Debug|Any CPU
		{F48B3E99-685D-4B3F-B759-EA5633FC990B}.Debug|Any CPU.Build.0 = Debug|Any CPU
		{F48B3E99-685D-4B3F-B759-EA5633FC990B}.Release|Any CPU.ActiveCfg = Release|Any CPU
		{F48B3E99-685D-4B3F-B759-EA5633FC990B}.Release|Any CPU.Build.0 = Release|Any CPU
		{1CD049DC-84B7-43BF-9932-14EAE9EED04D}.Debug|Any CPU.ActiveCfg = Debug|Any CPU
		{1CD049DC-84B7-43BF-9932-14EAE9EED04D}.Debug|Any CPU.Build.0 = Debug|Any CPU
		{1CD049DC-84B7-43BF-9932-14EAE9EED04D}.Release|Any CPU.ActiveCfg = Release|Any CPU
		{1CD049DC-84B7-43BF-9932-14EAE9EED04D}.Release|Any CPU.Build.0 = Release|Any CPU
		{58FFEA39-7A5D-4826-B474-07A8099DAAEB}.Debug|Any CPU.ActiveCfg = Debug|Any CPU
		{58FFEA39-7A5D-4826-B474-07A8099DAAEB}.Debug|Any CPU.Build.0 = Debug|Any CPU
		{58FFEA39-7A5D-4826-B474-07A8099DAAEB}.Release|Any CPU.ActiveCfg = Release|Any CPU
		{58FFEA39-7A5D-4826-B474-07A8099DAAEB}.Release|Any CPU.Build.0 = Release|Any CPU
		{B19AF0C8-0AAB-4EF4-89A0-46EFB37960D5}.Debug|Any CPU.ActiveCfg = Debug|Any CPU
		{B19AF0C8-0AAB-4EF4-89A0-46EFB37960D5}.Debug|Any CPU.Build.0 = Debug|Any CPU
		{B19AF0C8-0AAB-4EF4-89A0-46EFB37960D5}.Release|Any CPU.ActiveCfg = Release|Any CPU
		{B19AF0C8-0AAB-4EF4-89A0-46EFB37960D5}.Release|Any CPU.Build.0 = Release|Any CPU
		{5704C8B4-5127-4957-AA11-4AD495A793DF}.Debug|Any CPU.ActiveCfg = Debug|Any CPU
		{5704C8B4-5127-4957-AA11-4AD495A793DF}.Debug|Any CPU.Build.0 = Debug|Any CPU
		{5704C8B4-5127-4957-AA11-4AD495A793DF}.Release|Any CPU.ActiveCfg = Release|Any CPU
		{5704C8B4-5127-4957-AA11-4AD495A793DF}.Release|Any CPU.Build.0 = Release|Any CPU
		{7DCAC7A8-610E-4623-B4AA-4F8499AA79F6}.Debug|Any CPU.ActiveCfg = Debug|Any CPU
		{7DCAC7A8-610E-4623-B4AA-4F8499AA79F6}.Debug|Any CPU.Build.0 = Debug|Any CPU
		{7DCAC7A8-610E-4623-B4AA-4F8499AA79F6}.Release|Any CPU.ActiveCfg = Release|Any CPU
		{7DCAC7A8-610E-4623-B4AA-4F8499AA79F6}.Release|Any CPU.Build.0 = Release|Any CPU
		{81E735D5-3641-4A4D-8BDB-8024E70D1A8F}.Debug|Any CPU.ActiveCfg = Debug|Any CPU
		{81E735D5-3641-4A4D-8BDB-8024E70D1A8F}.Debug|Any CPU.Build.0 = Debug|Any CPU
		{81E735D5-3641-4A4D-8BDB-8024E70D1A8F}.Release|Any CPU.ActiveCfg = Release|Any CPU
		{81E735D5-3641-4A4D-8BDB-8024E70D1A8F}.Release|Any CPU.Build.0 = Release|Any CPU
	EndGlobalSection
	GlobalSection(NestedProjects) = preSolution
		{58FFEA39-7A5D-4826-B474-07A8099DAAEB} = {055F2653-2554-4DFE-809B-76B55DF53529}
		{5704C8B4-5127-4957-AA11-4AD495A793DF} = {055F2653-2554-4DFE-809B-76B55DF53529}
		{7DCAC7A8-610E-4623-B4AA-4F8499AA79F6} = {055F2653-2554-4DFE-809B-76B55DF53529}
		{81E735D5-3641-4A4D-8BDB-8024E70D1A8F} = {055F2653-2554-4DFE-809B-76B55DF53529}
	EndGlobalSection
EndGlobal
